
Microsoft Visual Studio Solution File, Format Version 12.00
# Visual Studio 15
VisualStudioVersion = 15.0.27703.2026
MinimumVisualStudioVersion = 10.0.40219.1
Project("{8BC9CEB8-8B4A-11D0-8D11-00A0C91BC942}") = "zsLib.Eventing", "zsLib.Eventing.Universal\zsLib.Eventing.vcxproj", "{A19B7D13-A6EE-43BB-A913-AEB34F91BF98}"
EndProject
Project("{8BC9CEB8-8B4A-11D0-8D11-00A0C91BC942}") = "zsLib", "..\..\..\zsLib\projects\msvs\zsLib.Universal\zsLib.vcxproj", "{55555C53-504F-4237-ABC0-B2F59558A0E9}"
EndProject
Project("{8BC9CEB8-8B4A-11D0-8D11-00A0C91BC942}") = "zsLib.Eventing.Tool", "zsLib.Eventing.Tool.Universal\zsLib.Eventing.Tool.vcxproj", "{C3D2D2B7-91F8-41A6-AF7F-DFEDFCF95ABD}"
EndProject
Project("{8BC9CEB8-8B4A-11D0-8D11-00A0C91BC942}") = "zsLib.Eventing.Tool.Compiler", "zsLib.Eventing.Tool.Compiler.Universal\zsLib.Eventing.Tool.Compiler.vcxproj", "{940942FC-4657-41BC-B9C9-E2CD2E588478}"
	ProjectSection(ProjectDependencies) = postProject
		{CC14FFE5-0018-4D8D-BC2C-C93477CE081C} = {CC14FFE5-0018-4D8D-BC2C-C93477CE081C}
	EndProjectSection
EndProject
Project("{8BC9CEB8-8B4A-11D0-8D11-00A0C91BC942}") = "zsLib.Test", "..\..\..\zsLib\projects\msvs\zsLib.Test.Universal\zsLib.Test.vcxproj", "{087200F9-914E-48E3-A8DC-B5FA61175392}"
EndProject
Project("{8BC9CEB8-8B4A-11D0-8D11-00A0C91BC942}") = "cryptopp", "..\..\..\cryptopp\projects\msvs\cryptopp.Universal\cryptopp.vcxproj", "{CC14FFE5-0018-4D8D-BC2C-C93477CE081C}"
EndProject
Global
	GlobalSection(SolutionConfigurationPlatforms) = preSolution
		Debug|ARM = Debug|ARM
		Debug|x64 = Debug|x64
		Debug|x86 = Debug|x86
		Release|ARM = Release|ARM
		Release|x64 = Release|x64
		Release|x86 = Release|x86
	EndGlobalSection
	GlobalSection(ProjectConfigurationPlatforms) = postSolution
		{A19B7D13-A6EE-43BB-A913-AEB34F91BF98}.Debug|ARM.ActiveCfg = Debug|ARM
		{A19B7D13-A6EE-43BB-A913-AEB34F91BF98}.Debug|ARM.Build.0 = Debug|ARM
		{A19B7D13-A6EE-43BB-A913-AEB34F91BF98}.Debug|x64.ActiveCfg = Debug|x64
		{A19B7D13-A6EE-43BB-A913-AEB34F91BF98}.Debug|x64.Build.0 = Debug|x64
		{A19B7D13-A6EE-43BB-A913-AEB34F91BF98}.Debug|x86.ActiveCfg = Debug|Win32
		{A19B7D13-A6EE-43BB-A913-AEB34F91BF98}.Debug|x86.Build.0 = Debug|Win32
		{A19B7D13-A6EE-43BB-A913-AEB34F91BF98}.Release|ARM.ActiveCfg = Release|ARM
		{A19B7D13-A6EE-43BB-A913-AEB34F91BF98}.Release|ARM.Build.0 = Release|ARM
		{A19B7D13-A6EE-43BB-A913-AEB34F91BF98}.Release|x64.ActiveCfg = Release|x64
		{A19B7D13-A6EE-43BB-A913-AEB34F91BF98}.Release|x64.Build.0 = Release|x64
		{A19B7D13-A6EE-43BB-A913-AEB34F91BF98}.Release|x86.ActiveCfg = Release|Win32
		{A19B7D13-A6EE-43BB-A913-AEB34F91BF98}.Release|x86.Build.0 = Release|Win32
		{55555C53-504F-4237-ABC0-B2F59558A0E9}.Debug|ARM.ActiveCfg = Debug|ARM
		{55555C53-504F-4237-ABC0-B2F59558A0E9}.Debug|ARM.Build.0 = Debug|ARM
		{55555C53-504F-4237-ABC0-B2F59558A0E9}.Debug|x64.ActiveCfg = Debug|x64
		{55555C53-504F-4237-ABC0-B2F59558A0E9}.Debug|x64.Build.0 = Debug|x64
		{55555C53-504F-4237-ABC0-B2F59558A0E9}.Debug|x86.ActiveCfg = Debug|Win32
		{55555C53-504F-4237-ABC0-B2F59558A0E9}.Debug|x86.Build.0 = Debug|Win32
		{55555C53-504F-4237-ABC0-B2F59558A0E9}.Release|ARM.ActiveCfg = Release|ARM
		{55555C53-504F-4237-ABC0-B2F59558A0E9}.Release|ARM.Build.0 = Release|ARM
		{55555C53-504F-4237-ABC0-B2F59558A0E9}.Release|x64.ActiveCfg = Release|x64
		{55555C53-504F-4237-ABC0-B2F59558A0E9}.Release|x64.Build.0 = Release|x64
		{55555C53-504F-4237-ABC0-B2F59558A0E9}.Release|x86.ActiveCfg = Release|Win32
		{55555C53-504F-4237-ABC0-B2F59558A0E9}.Release|x86.Build.0 = Release|Win32
		{C3D2D2B7-91F8-41A6-AF7F-DFEDFCF95ABD}.Debug|ARM.ActiveCfg = Debug|ARM
		{C3D2D2B7-91F8-41A6-AF7F-DFEDFCF95ABD}.Debug|ARM.Build.0 = Debug|ARM
		{C3D2D2B7-91F8-41A6-AF7F-DFEDFCF95ABD}.Debug|x64.ActiveCfg = Debug|x64
		{C3D2D2B7-91F8-41A6-AF7F-DFEDFCF95ABD}.Debug|x64.Build.0 = Debug|x64
		{C3D2D2B7-91F8-41A6-AF7F-DFEDFCF95ABD}.Debug|x86.ActiveCfg = Debug|Win32
		{C3D2D2B7-91F8-41A6-AF7F-DFEDFCF95ABD}.Debug|x86.Build.0 = Debug|Win32
		{C3D2D2B7-91F8-41A6-AF7F-DFEDFCF95ABD}.Release|ARM.ActiveCfg = Release|ARM
		{C3D2D2B7-91F8-41A6-AF7F-DFEDFCF95ABD}.Release|ARM.Build.0 = Release|ARM
		{C3D2D2B7-91F8-41A6-AF7F-DFEDFCF95ABD}.Release|x64.ActiveCfg = Release|x64
		{C3D2D2B7-91F8-41A6-AF7F-DFEDFCF95ABD}.Release|x64.Build.0 = Release|x64
		{C3D2D2B7-91F8-41A6-AF7F-DFEDFCF95ABD}.Release|x86.ActiveCfg = Release|Win32
		{C3D2D2B7-91F8-41A6-AF7F-DFEDFCF95ABD}.Release|x86.Build.0 = Release|Win32
		{940942FC-4657-41BC-B9C9-E2CD2E588478}.Debug|ARM.ActiveCfg = Debug|ARM
		{940942FC-4657-41BC-B9C9-E2CD2E588478}.Debug|ARM.Build.0 = Debug|ARM
		{940942FC-4657-41BC-B9C9-E2CD2E588478}.Debug|ARM.Deploy.0 = Debug|ARM
		{940942FC-4657-41BC-B9C9-E2CD2E588478}.Debug|x64.ActiveCfg = Debug|x64
		{940942FC-4657-41BC-B9C9-E2CD2E588478}.Debug|x64.Build.0 = Debug|x64
		{940942FC-4657-41BC-B9C9-E2CD2E588478}.Debug|x64.Deploy.0 = Debug|x64
		{940942FC-4657-41BC-B9C9-E2CD2E588478}.Debug|x86.ActiveCfg = Debug|Win32
		{940942FC-4657-41BC-B9C9-E2CD2E588478}.Debug|x86.Build.0 = Debug|Win32
		{940942FC-4657-41BC-B9C9-E2CD2E588478}.Debug|x86.Deploy.0 = Debug|Win32
		{940942FC-4657-41BC-B9C9-E2CD2E588478}.Release|ARM.ActiveCfg = Release|ARM
		{940942FC-4657-41BC-B9C9-E2CD2E588478}.Release|ARM.Build.0 = Release|ARM
		{940942FC-4657-41BC-B9C9-E2CD2E588478}.Release|ARM.Deploy.0 = Release|ARM
		{940942FC-4657-41BC-B9C9-E2CD2E588478}.Release|x64.ActiveCfg = Release|x64
		{940942FC-4657-41BC-B9C9-E2CD2E588478}.Release|x64.Build.0 = Release|x64
		{940942FC-4657-41BC-B9C9-E2CD2E588478}.Release|x64.Deploy.0 = Release|x64
		{940942FC-4657-41BC-B9C9-E2CD2E588478}.Release|x86.ActiveCfg = Release|Win32
		{940942FC-4657-41BC-B9C9-E2CD2E588478}.Release|x86.Build.0 = Release|Win32
		{940942FC-4657-41BC-B9C9-E2CD2E588478}.Release|x86.Deploy.0 = Release|Win32
		{087200F9-914E-48E3-A8DC-B5FA61175392}.Debug|ARM.ActiveCfg = Debug|ARM
		{087200F9-914E-48E3-A8DC-B5FA61175392}.Debug|ARM.Build.0 = Debug|ARM
		{087200F9-914E-48E3-A8DC-B5FA61175392}.Debug|ARM.Deploy.0 = Debug|ARM
		{087200F9-914E-48E3-A8DC-B5FA61175392}.Debug|x64.ActiveCfg = Debug|x64
		{087200F9-914E-48E3-A8DC-B5FA61175392}.Debug|x64.Build.0 = Debug|x64
		{087200F9-914E-48E3-A8DC-B5FA61175392}.Debug|x64.Deploy.0 = Debug|x64
		{087200F9-914E-48E3-A8DC-B5FA61175392}.Debug|x86.ActiveCfg = Debug|Win32
		{087200F9-914E-48E3-A8DC-B5FA61175392}.Debug|x86.Build.0 = Debug|Win32
		{087200F9-914E-48E3-A8DC-B5FA61175392}.Debug|x86.Deploy.0 = Debug|Win32
		{087200F9-914E-48E3-A8DC-B5FA61175392}.Release|ARM.ActiveCfg = Release|ARM
		{087200F9-914E-48E3-A8DC-B5FA61175392}.Release|ARM.Build.0 = Release|ARM
		{087200F9-914E-48E3-A8DC-B5FA61175392}.Release|ARM.Deploy.0 = Release|ARM
		{087200F9-914E-48E3-A8DC-B5FA61175392}.Release|x64.ActiveCfg = Release|x64
		{087200F9-914E-48E3-A8DC-B5FA61175392}.Release|x64.Build.0 = Release|x64
		{087200F9-914E-48E3-A8DC-B5FA61175392}.Release|x64.Deploy.0 = Release|x64
		{087200F9-914E-48E3-A8DC-B5FA61175392}.Release|x86.ActiveCfg = Release|Win32
		{087200F9-914E-48E3-A8DC-B5FA61175392}.Release|x86.Build.0 = Release|Win32
		{087200F9-914E-48E3-A8DC-B5FA61175392}.Release|x86.Deploy.0 = Release|Win32
		{CC14FFE5-0018-4D8D-BC2C-C93477CE081C}.Debug|ARM.ActiveCfg = Debug|ARM
		{CC14FFE5-0018-4D8D-BC2C-C93477CE081C}.Debug|ARM.Build.0 = Debug|ARM
		{CC14FFE5-0018-4D8D-BC2C-C93477CE081C}.Debug|x64.ActiveCfg = Debug|x64
		{CC14FFE5-0018-4D8D-BC2C-C93477CE081C}.Debug|x64.Build.0 = Debug|x64
		{CC14FFE5-0018-4D8D-BC2C-C93477CE081C}.Debug|x86.ActiveCfg = Debug|Win32
		{CC14FFE5-0018-4D8D-BC2C-C93477CE081C}.Debug|x86.Build.0 = Debug|Win32
		{CC14FFE5-0018-4D8D-BC2C-C93477CE081C}.Release|ARM.ActiveCfg = Release|ARM
		{CC14FFE5-0018-4D8D-BC2C-C93477CE081C}.Release|ARM.Build.0 = Release|ARM
		{CC14FFE5-0018-4D8D-BC2C-C93477CE081C}.Release|x64.ActiveCfg = Release|x64
		{CC14FFE5-0018-4D8D-BC2C-C93477CE081C}.Release|x64.Build.0 = Release|x64
		{CC14FFE5-0018-4D8D-BC2C-C93477CE081C}.Release|x86.ActiveCfg = Release|Win32
		{CC14FFE5-0018-4D8D-BC2C-C93477CE081C}.Release|x86.Build.0 = Release|Win32
	EndGlobalSection
	GlobalSection(SolutionProperties) = preSolution
		HideSolutionNode = FALSE
	EndGlobalSection
	GlobalSection(ExtensibilityGlobals) = postSolution
		SolutionGuid = {1239BD12-0D8E-4C78-A7E5-8761480DA61A}
	EndGlobalSection
EndGlobal
