<?xml version="1.0" encoding="utf-8"?>
<Project ToolsVersion="4.0" xmlns="http://schemas.microsoft.com/developer/msbuild/2003">
  <ItemGroup>
    <ClCompile Include="..\..\..\..\zsLib\zsLib\cpp\zsLib.cpp" />
    <ClCompile Include="..\..\..\..\zsLib\zsLib\cpp\zsLib_Event.cpp" />
    <ClCompile Include="..\..\..\..\zsLib\zsLib\cpp\zsLib_Exception.cpp" />
    <ClCompile Include="..\..\..\..\zsLib\zsLib\cpp\zsLib_Helper.cpp" />
    <ClCompile Include="..\..\..\..\zsLib\zsLib\cpp\zsLib_helpers.cpp" />
    <ClCompile Include="..\..\..\..\zsLib\zsLib\cpp\zsLib_IPAddress.cpp" />
    <ClCompile Include="..\..\..\..\zsLib\zsLib\cpp\zsLib_Log.cpp" />
    <ClCompile Include="..\..\..\..\zsLib\zsLib\cpp\zsLib_MessageQueue.cpp" />
    <ClCompile Include="..\..\..\..\zsLib\zsLib\cpp\zsLib_MessageQueueManager.cpp" />
    <ClCompile Include="..\..\..\..\zsLib\zsLib\cpp\zsLib_MessageQueueThread.cpp" />
    <ClCompile Include="..\..\..\..\zsLib\zsLib\cpp\zsLib_MessageQueueThreadBasic.cpp" />
    <ClCompile Include="..\..\..\..\zsLib\zsLib\cpp\zsLib_MessageQueueThreadPool.cpp" />
    <ClCompile Include="..\..\..\..\zsLib\zsLib\cpp\zsLib_MessageQueueThreadUsingBlackberryChannels.cpp" />
    <ClCompile Include="..\..\..\..\zsLib\zsLib\cpp\zsLib_MessageQueueThreadUsingCurrentGUIMessageQueueForWindows.cpp" />
    <ClCompile Include="..\..\..\..\zsLib\zsLib\cpp\zsLib_MessageQueueThreadUsingCurrentGUIMessageQueueForWinUWP.cpp" />
    <ClCompile Include="..\..\..\..\zsLib\zsLib\cpp\zsLib_MessageQueueThreadUsingMainThreadMessageQueueForApple.cpp" />
    <ClCompile Include="..\..\..\..\zsLib\zsLib\cpp\zsLib_Numeric.cpp" />
    <ClCompile Include="..\..\..\..\zsLib\zsLib\cpp\zsLib_Promise.cpp" />
    <ClCompile Include="..\..\..\..\zsLib\zsLib\cpp\zsLib_Proxy.cpp" />
    <ClCompile Include="..\..\..\..\zsLib\zsLib\cpp\zsLib_RangeSelection.cpp" />
    <ClCompile Include="..\..\..\..\zsLib\zsLib\cpp\zsLib_Settings.cpp" />
    <ClCompile Include="..\..\..\..\zsLib\zsLib\cpp\zsLib_Singleton.cpp" />
    <ClCompile Include="..\..\..\..\zsLib\zsLib\cpp\zsLib_Socket.cpp" />
    <ClCompile Include="..\..\..\..\zsLib\zsLib\cpp\zsLib_SocketMonitor.cpp" />
    <ClCompile Include="..\..\..\..\zsLib\zsLib\cpp\zsLib_String.cpp" />
    <ClCompile Include="..\..\..\..\zsLib\zsLib\cpp\zsLib_Stringize.cpp" />
    <ClCompile Include="..\..\..\..\zsLib\zsLib\cpp\zsLib_Timer.cpp" />
    <ClCompile Include="..\..\..\..\zsLib\zsLib\cpp\zsLib_TimerMonitor.cpp" />
    <ClCompile Include="..\..\..\..\zsLib\zsLib\cpp\zsLib_WindowsEventProviderLogger.cpp" />
    <ClCompile Include="..\..\..\..\zsLib\zsLib\cpp\zsLib_XML.cpp" />
    <ClCompile Include="..\..\..\..\zsLib\zsLib\cpp\zsLib_XMLAttribute.cpp" />
    <ClCompile Include="..\..\..\..\zsLib\zsLib\cpp\zsLib_XMLComment.cpp" />
    <ClCompile Include="..\..\..\..\zsLib\zsLib\cpp\zsLib_XMLDeclaration.cpp" />
    <ClCompile Include="..\..\..\..\zsLib\zsLib\cpp\zsLib_XMLDocument.cpp" />
    <ClCompile Include="..\..\..\..\zsLib\zsLib\cpp\zsLib_XMLElement.cpp" />
    <ClCompile Include="..\..\..\..\zsLib\zsLib\cpp\zsLib_XMLGenerator.cpp" />
    <ClCompile Include="..\..\..\..\zsLib\zsLib\cpp\zsLib_XMLNode.cpp" />
    <ClCompile Include="..\..\..\..\zsLib\zsLib\cpp\zsLib_XMLParser.cpp" />
    <ClCompile Include="..\..\..\..\zsLib\zsLib\cpp\zsLib_XMLParserPos.cpp" />
    <ClCompile Include="..\..\..\..\zsLib\zsLib\cpp\zsLib_XMLParserWarningTypes.cpp" />
    <ClCompile Include="..\..\..\..\zsLib\zsLib\cpp\zsLib_XMLText.cpp" />
    <ClCompile Include="..\..\..\..\zsLib\zsLib\cpp\zsLib_XMLUnknown.cpp" />
    <ClCompile Include="..\..\..\..\zsLib\zsLib\extras\uuid\clear.c" />
    <ClCompile Include="..\..\..\..\zsLib\zsLib\extras\uuid\compare.c" />
    <ClCompile Include="..\..\..\..\zsLib\zsLib\extras\uuid\copy.c" />
    <ClCompile Include="..\..\..\..\zsLib\zsLib\extras\uuid\gen_uuid.c" />
    <ClCompile Include="..\..\..\..\zsLib\zsLib\extras\uuid\gen_uuid_nt.c" />
    <ClCompile Include="..\..\..\..\zsLib\zsLib\extras\uuid\isnull.c" />
    <ClCompile Include="..\..\..\..\zsLib\zsLib\extras\uuid\pack.c" />
    <ClCompile Include="..\..\..\..\zsLib\zsLib\extras\uuid\parse.c" />
    <ClCompile Include="..\..\..\..\zsLib\zsLib\extras\uuid\tst_uuid.c" />
    <ClCompile Include="..\..\..\..\zsLib\zsLib\extras\uuid\unpack.c" />
    <ClCompile Include="..\..\..\..\zsLib\zsLib\extras\uuid\unparse.c" />
    <ClCompile Include="..\..\..\..\zsLib\zsLib\extras\uuid\uuid_time.c" />
    <ClCompile Include="..\..\..\..\zsLib\zsLib\extras\win32\strptime.cpp" />
    <ClCompile Include="..\..\..\zsLib\eventing\cpp\zsLib_eventing.cpp" />
    <ClCompile Include="..\..\..\zsLib\eventing\cpp\zsLib_eventing_EventingTypes.cpp" />
    <ClCompile Include="..\..\..\zsLib\eventing\cpp\zsLib_eventing_Hasher.cpp" />
    <ClCompile Include="..\..\..\zsLib\eventing\cpp\zsLib_eventing_Helper.cpp" />
    <ClCompile Include="..\..\..\zsLib\eventing\cpp\zsLib_eventing_IDLTypes.cpp" />
    <ClCompile Include="..\..\..\zsLib\eventing\cpp\zsLib_eventing_RemoteEventing.cpp" />
    <ClCompile Include="..\..\..\zsLib\eventing\tool\cpp\zsLib_eventing_tool.cpp" />
    <ClCompile Include="..\..\..\zsLib\eventing\tool\cpp\zsLib_eventing_tool_CommandLine.cpp" />
    <ClCompile Include="..\..\..\zsLib\eventing\tool\cpp\zsLib_eventing_tool_EventingCompiler.cpp" />
    <ClCompile Include="..\..\..\zsLib\eventing\tool\cpp\zsLib_eventing_tool_GenerateHelper.cpp" />
    <ClCompile Include="..\..\..\zsLib\eventing\tool\cpp\zsLib_eventing_tool_GenerateJson.cpp" />
    <ClCompile Include="..\..\..\zsLib\eventing\tool\cpp\zsLib_eventing_tool_GenerateStructC.cpp" />
    <ClCompile Include="..\..\..\zsLib\eventing\tool\cpp\zsLib_eventing_tool_GenerateStructCx.cpp" />
    <ClCompile Include="..\..\..\zsLib\eventing\tool\cpp\zsLib_eventing_tool_GenerateStructDotNet.cpp" />
    <ClCompile Include="..\..\..\zsLib\eventing\tool\cpp\zsLib_eventing_tool_GenerateStructPython.cpp" />
    <ClCompile Include="..\..\..\zsLib\eventing\tool\cpp\zsLib_eventing_tool_GenerateStructHeader.cpp" />
    <ClCompile Include="..\..\..\zsLib\eventing\tool\cpp\zsLib_eventing_tool_GenerateStructImpHeader.cpp" />
    <ClCompile Include="..\..\..\zsLib\eventing\tool\cpp\zsLib_eventing_tool_GenerateStructImplCpp.cpp" />
    <ClCompile Include="..\..\..\zsLib\eventing\tool\cpp\zsLib_eventing_tool_GenerateTypesHeader.cpp" />
    <ClCompile Include="..\..\..\zsLib\eventing\tool\cpp\zsLib_eventing_tool_Helper.cpp" />
    <ClCompile Include="..\..\..\zsLib\eventing\tool\cpp\zsLib_eventing_tool_IDLCompiler.cpp" />
    <ClCompile Include="..\..\..\zsLib\eventing\tool\cpp\zsLib_eventing_tool_Monitor.cpp" />
    <ClCompile Include="main.cpp" />
    <ClCompile Include="..\..\..\..\zsLib\zsLib\cpp\zsLib_MessageQueueAssociator.cpp" />
  </ItemGroup>
  <ItemGroup>
    <ClInclude Include="..\..\..\..\zsLib\zsLib\date.h" />
    <ClInclude Include="..\..\..\..\zsLib\zsLib\Event.h" />
    <ClInclude Include="..\..\..\..\zsLib\zsLib\eventing\EventTypes.h" />
    <ClInclude Include="..\..\..\..\zsLib\zsLib\eventing\internal\zsLib_eventing_EventTypes.h" />
    <ClInclude Include="..\..\..\..\zsLib\zsLib\eventing\internal\zsLib_eventing_Log.h" />
    <ClInclude Include="..\..\..\..\zsLib\zsLib\eventing\Log.h" />
    <ClInclude Include="..\..\..\..\zsLib\zsLib\eventing\noop.h" />
    <ClInclude Include="..\..\..\..\zsLib\zsLib\Exception.h" />
    <ClInclude Include="..\..\..\..\zsLib\zsLib\extras\uuid\config.h" />
    <ClInclude Include="..\..\..\..\zsLib\zsLib\extras\uuid\uuid.h" />
    <ClInclude Include="..\..\..\..\zsLib\zsLib\extras\uuid\uuidd.h" />
    <ClInclude Include="..\..\..\..\zsLib\zsLib\extras\uuid\uuidP.h" />
    <ClInclude Include="..\..\..\..\zsLib\zsLib\extras\uuid\uuid_types.h" />
    <ClInclude Include="..\..\..\..\zsLib\zsLib\helpers.h" />
    <ClInclude Include="..\..\..\..\zsLib\zsLib\IFactory.h" />
    <ClInclude Include="..\..\..\..\zsLib\zsLib\IHelper.h" />
    <ClInclude Include="..\..\..\..\zsLib\zsLib\IMessageQueue.h" />
    <ClInclude Include="..\..\..\..\zsLib\zsLib\IMessageQueueManager.h" />
    <ClInclude Include="..\..\..\..\zsLib\zsLib\internal\platform.h" />
    <ClInclude Include="..\..\..\..\zsLib\zsLib\internal\types.h" />
    <ClInclude Include="..\..\..\..\zsLib\zsLib\internal\zsLib_Event.h" />
    <ClInclude Include="..\..\..\..\zsLib\zsLib\internal\zsLib_Exception.h" />
    <ClInclude Include="..\..\..\..\zsLib\zsLib\internal\zsLib_Helper.h" />
    <ClInclude Include="..\..\..\..\zsLib\zsLib\internal\zsLib_IPAddress.h" />
    <ClInclude Include="..\..\..\..\zsLib\zsLib\internal\zsLib_Log.h" />
    <ClInclude Include="..\..\..\..\zsLib\zsLib\internal\zsLib_MessageQueue.h" />
    <ClInclude Include="..\..\..\..\zsLib\zsLib\internal\zsLib_MessageQueueManager.h" />
    <ClInclude Include="..\..\..\..\zsLib\zsLib\internal\zsLib_MessageQueueThread.h" />
    <ClInclude Include="..\..\..\..\zsLib\zsLib\internal\zsLib_MessageQueueThreadBasic.h" />
    <ClInclude Include="..\..\..\..\zsLib\zsLib\internal\zsLib_MessageQueueThreadPool.h" />
    <ClInclude Include="..\..\..\..\zsLib\zsLib\internal\zsLib_MessageQueueThreadUsingBlackberryChannels.h" />
    <ClInclude Include="..\..\..\..\zsLib\zsLib\internal\zsLib_MessageQueueThreadUsingCurrentGUIMessageQueueForWindows.h" />
    <ClInclude Include="..\..\..\..\zsLib\zsLib\internal\zsLib_MessageQueueThreadUsingCurrentGUIMessageQueueForWinUWP.h" />
    <ClInclude Include="..\..\..\..\zsLib\zsLib\internal\zsLib_MessageQueueThreadUsingMainThreadMessageQueueForApple.h" />
    <ClInclude Include="..\..\..\..\zsLib\zsLib\internal\zsLib_Numeric.h" />
    <ClInclude Include="..\..\..\..\zsLib\zsLib\internal\zsLib_Promise.h" />
    <ClInclude Include="..\..\..\..\zsLib\zsLib\internal\zsLib_Proxy.h" />
    <ClInclude Include="..\..\..\..\zsLib\zsLib\internal\zsLib_ProxyPack.h" />
    <ClInclude Include="..\..\..\..\zsLib\zsLib\internal\zsLib_ProxySubscriptions.h" />
    <ClInclude Include="..\..\..\..\zsLib\zsLib\internal\zsLib_RangeSelection.h" />
    <ClInclude Include="..\..\..\..\zsLib\zsLib\internal\zsLib_Settings.h" />
    <ClInclude Include="..\..\..\..\zsLib\zsLib\internal\zsLib_Singleton.h" />
    <ClInclude Include="..\..\..\..\zsLib\zsLib\internal\zsLib_Socket.h" />
    <ClInclude Include="..\..\..\..\zsLib\zsLib\internal\zsLib_SocketMonitor.h" />
    <ClInclude Include="..\..\..\..\zsLib\zsLib\internal\zsLib_Stringize.h" />
    <ClInclude Include="..\..\..\..\zsLib\zsLib\internal\zsLib_TearAway.h" />
    <ClInclude Include="..\..\..\..\zsLib\zsLib\internal\zsLib_Timer.h" />
    <ClInclude Include="..\..\..\..\zsLib\zsLib\internal\zsLib_TimerMonitor.h" />
    <ClInclude Include="..\..\..\..\zsLib\zsLib\internal\zsLib_XML.h" />
    <ClInclude Include="..\..\..\..\zsLib\zsLib\IPAddress.h" />
    <ClInclude Include="..\..\..\..\zsLib\zsLib\ISettings.h" />
    <ClInclude Include="..\..\..\..\zsLib\zsLib\IWakeDelegate.h" />
    <ClInclude Include="..\..\..\..\zsLib\zsLib\Log.h" />
    <ClInclude Include="..\..\..\..\zsLib\zsLib\MessageQueueAssociator.h" />
    <ClInclude Include="..\..\..\..\zsLib\zsLib\IMessageQueueThread.h" />
    <ClInclude Include="..\..\..\..\zsLib\zsLib\IMessageQueueThreadPool.h" />
    <ClInclude Include="..\..\..\..\zsLib\zsLib\Numeric.h" />
    <ClInclude Include="..\..\..\..\zsLib\zsLib\Promise.h" />
    <ClInclude Include="..\..\..\..\zsLib\zsLib\Proxy.h" />
    <ClInclude Include="..\..\..\..\zsLib\zsLib\ProxySubscriptions.h" />
    <ClInclude Include="..\..\..\..\zsLib\zsLib\RangeSelection.h" />
    <ClInclude Include="..\..\..\..\zsLib\zsLib\SafeInt.h" />
    <ClInclude Include="..\..\..\..\zsLib\zsLib\Singleton.h" />
    <ClInclude Include="..\..\..\..\zsLib\zsLib\Socket.h" />
    <ClInclude Include="..\..\..\..\zsLib\zsLib\String.h" />
    <ClInclude Include="..\..\..\..\zsLib\zsLib\Stringize.h" />
    <ClInclude Include="..\..\..\..\zsLib\zsLib\TearAway.h" />
    <ClInclude Include="..\..\..\..\zsLib\zsLib\ITimer.h" />
    <ClInclude Include="..\..\..\..\zsLib\zsLib\types.h" />
    <ClInclude Include="..\..\..\..\zsLib\zsLib\WeightedMovingAverage.h" />
    <ClInclude Include="..\..\..\..\zsLib\zsLib\XML.h" />
    <ClInclude Include="..\..\..\..\zsLib\zsLib\zsLib.h" />
    <ClInclude Include="..\..\..\zsLib\eventing\eventing.h" />
    <ClInclude Include="..\..\..\zsLib\eventing\IEventingTypes.h" />
    <ClInclude Include="..\..\..\zsLib\eventing\IHasher.h" />
    <ClInclude Include="..\..\..\zsLib\eventing\IHelper.h" />
    <ClInclude Include="..\..\..\zsLib\eventing\IIDLTypes.h" />
    <ClInclude Include="..\..\..\zsLib\eventing\internal\types.h" />
    <ClInclude Include="..\..\..\zsLib\eventing\internal\zsLib_eventing_EventingTypes.h" />
    <ClInclude Include="..\..\..\zsLib\eventing\internal\zsLib_eventing_Hasher.h" />
    <ClInclude Include="..\..\..\zsLib\eventing\internal\zsLib_eventing_Helper.h" />
    <ClInclude Include="..\..\..\zsLib\eventing\internal\zsLib_eventing_IDLTypes.h" />
    <ClInclude Include="..\..\..\zsLib\eventing\internal\zsLib_eventing_RemoteEventing.h" />
    <ClInclude Include="..\..\..\zsLib\eventing\IRemoteEventing.h" />
    <ClInclude Include="..\..\..\zsLib\eventing\tool\ICommandLine.h" />
    <ClInclude Include="..\..\..\zsLib\eventing\tool\ICompiler.h" />
    <ClInclude Include="..\..\..\zsLib\eventing\tool\internal\types.h" />
    <ClInclude Include="..\..\..\zsLib\eventing\tool\internal\zsLib_eventing_tool.h" />
    <ClInclude Include="..\..\..\zsLib\eventing\tool\internal\zsLib_eventing_tool_CommandLine.h" />
    <ClInclude Include="..\..\..\zsLib\eventing\tool\internal\zsLib_eventing_tool_EventingCompiler.h" />
    <ClInclude Include="..\..\..\zsLib\eventing\tool\internal\zsLib_eventing_tool_GenerateHelper.h" />
    <ClInclude Include="..\..\..\zsLib\eventing\tool\internal\zsLib_eventing_tool_GenerateJson.h" />
    <ClInclude Include="..\..\..\zsLib\eventing\tool\internal\zsLib_eventing_tool_GenerateStructC.h" />
    <ClInclude Include="..\..\..\zsLib\eventing\tool\internal\zsLib_eventing_tool_GenerateStructCx.h" />
    <ClInclude Include="..\..\..\zsLib\eventing\tool\internal\zsLib_eventing_tool_GenerateStructDotNet.h" />
    <ClInclude Include="..\..\..\zsLib\eventing\tool\internal\zsLib_eventing_tool_GenerateStructPython.h" />
    <ClInclude Include="..\..\..\zsLib\eventing\tool\internal\zsLib_eventing_tool_GenerateStructHeader.h" />
    <ClInclude Include="..\..\..\zsLib\eventing\tool\internal\zsLib_eventing_tool_GenerateStructImplCpp.h" />
    <ClInclude Include="..\..\..\zsLib\eventing\tool\internal\zsLib_eventing_tool_GenerateStructImplHeader.h" />
    <ClInclude Include="..\..\..\zsLib\eventing\tool\internal\zsLib_eventing_tool_GenerateTypesHeader.h" />
    <ClInclude Include="..\..\..\zsLib\eventing\tool\internal\zsLib_eventing_tool_Helper.h" />
    <ClInclude Include="..\..\..\zsLib\eventing\tool\internal\zsLib_eventing_tool_IDLCompiler.h" />
    <ClInclude Include="..\..\..\zsLib\eventing\tool\internal\zsLib_eventing_tool_Monitor.h" />
    <ClInclude Include="..\..\..\zsLib\eventing\tool\OutputStream.h" />
    <ClInclude Include="..\..\..\zsLib\eventing\tool\tool.h" />
    <ClInclude Include="..\..\..\zsLib\eventing\tool\types.h" />
    <ClInclude Include="..\..\..\zsLib\eventing\types.h" />
  </ItemGroup>
  <ItemGroup>
    <Midl Include="..\..\..\..\zsLib\zsLib\idl\std.idl" />
    <Midl Include="..\..\..\..\zsLib\zsLib\idl\zsLib.idl" />
  </ItemGroup>
  <ItemGroup>
    <None Include="..\..\..\..\zsLib\zsLib\cpp\zsLib.events.json" />
    <None Include="..\..\..\..\zsLib\zsLib\idl\config.json" />
  </ItemGroup>
  <ItemGroup>
    <Text Include="..\..\..\..\zsLib\zsLib\license.txt" />
  </ItemGroup>
</Project>