// !$*UTF8*$!
{
	archiveVersion = 1;
	classes = {
	};
	objectVersion = 46;
	objects = {

/* Begin PBXBuildFile section */
		0058FDDE1E1553E5007548F6 /* zsLib_eventing_tool_EventingCompiler.cpp in Sources */ = {isa = PBXBuildFile; fileRef = 0058FDDD1E1553E5007548F6 /* zsLib_eventing_tool_EventingCompiler.cpp */; };
		008698A31DE3F543009D669C /* zsLib_eventing_tool.cpp in Sources */ = {isa = PBXBuildFile; fileRef = 008698911DE3F543009D669C /* zsLib_eventing_tool.cpp */; };
		008698A41DE3F543009D669C /* zsLib_eventing_tool_CommandLine.cpp in Sources */ = {isa = PBXBuildFile; fileRef = 008698921DE3F543009D669C /* zsLib_eventing_tool_CommandLine.cpp */; };
		009CEEE61DF3A0B1000FF4D2 /* zsLib_eventing_tool_Monitor.cpp in Sources */ = {isa = PBXBuildFile; fileRef = 009CEEE51DF3A0B1000FF4D2 /* zsLib_eventing_tool_Monitor.cpp */; };
/* End PBXBuildFile section */

/* Begin PBXCopyFilesBuildPhase section */
		008698711DE3F51F009D669C /* CopyFiles */ = {
			isa = PBXCopyFilesBuildPhase;
			buildActionMask = 2147483647;
			dstPath = "include/$(PRODUCT_NAME)";
			dstSubfolderSpec = 16;
			files = (
			);
			runOnlyForDeploymentPostprocessing = 0;
		};
/* End PBXCopyFilesBuildPhase section */

/* Begin PBXFileReference section */
		0058FDDD1E1553E5007548F6 /* zsLib_eventing_tool_EventingCompiler.cpp */ = {isa = PBXFileReference; fileEncoding = 4; lastKnownFileType = sourcecode.cpp.cpp; path = zsLib_eventing_tool_EventingCompiler.cpp; sourceTree = "<group>"; };
		0058FDDF1E1553F3007548F6 /* zsLib_eventing_tool_EventingCompiler.h */ = {isa = PBXFileReference; lastKnownFileType = sourcecode.c.h; path = zsLib_eventing_tool_EventingCompiler.h; sourceTree = "<group>"; };
		008698731DE3F51F009D669C /* libzsLib-eventing-tool-ios.a */ = {isa = PBXFileReference; explicitFileType = archive.ar; includeInIndex = 0; path = "libzsLib-eventing-tool-ios.a"; sourceTree = BUILT_PRODUCTS_DIR; };
		008698911DE3F543009D669C /* zsLib_eventing_tool.cpp */ = {isa = PBXFileReference; fileEncoding = 4; lastKnownFileType = sourcecode.cpp.cpp; path = zsLib_eventing_tool.cpp; sourceTree = "<group>"; };
		008698921DE3F543009D669C /* zsLib_eventing_tool_CommandLine.cpp */ = {isa = PBXFileReference; fileEncoding = 4; lastKnownFileType = sourcecode.cpp.cpp; path = zsLib_eventing_tool_CommandLine.cpp; sourceTree = "<group>"; };
		008698941DE3F543009D669C /* ICommandLine.h */ = {isa = PBXFileReference; fileEncoding = 4; lastKnownFileType = sourcecode.c.h; path = ICommandLine.h; sourceTree = "<group>"; };
		008698951DE3F543009D669C /* ICompiler.h */ = {isa = PBXFileReference; fileEncoding = 4; lastKnownFileType = sourcecode.c.h; path = ICompiler.h; sourceTree = "<group>"; };
		008698971DE3F543009D669C /* types.h */ = {isa = PBXFileReference; fileEncoding = 4; lastKnownFileType = sourcecode.c.h; path = types.h; sourceTree = "<group>"; };
		008698981DE3F543009D669C /* zsLib_eventing_tool.h */ = {isa = PBXFileReference; fileEncoding = 4; lastKnownFileType = sourcecode.c.h; path = zsLib_eventing_tool.h; sourceTree = "<group>"; };
		008698991DE3F543009D669C /* zsLib_eventing_tool_CommandLine.h */ = {isa = PBXFileReference; fileEncoding = 4; lastKnownFileType = sourcecode.c.h; path = zsLib_eventing_tool_CommandLine.h; sourceTree = "<group>"; };
		0086989B1DE3F543009D669C /* OutputStream.h */ = {isa = PBXFileReference; fileEncoding = 4; lastKnownFileType = sourcecode.c.h; path = OutputStream.h; sourceTree = "<group>"; };
		0086989C1DE3F543009D669C /* tool.h */ = {isa = PBXFileReference; fileEncoding = 4; lastKnownFileType = sourcecode.c.h; path = tool.h; sourceTree = "<group>"; };
		0086989D1DE3F543009D669C /* types.h */ = {isa = PBXFileReference; fileEncoding = 4; lastKnownFileType = sourcecode.c.h; path = types.h; sourceTree = "<group>"; };
		009CEEE51DF3A0B1000FF4D2 /* zsLib_eventing_tool_Monitor.cpp */ = {isa = PBXFileReference; fileEncoding = 4; lastKnownFileType = sourcecode.cpp.cpp; path = zsLib_eventing_tool_Monitor.cpp; sourceTree = "<group>"; };
		009CEEE71DF3A0BD000FF4D2 /* zsLib_eventing_tool_Monitor.h */ = {isa = PBXFileReference; lastKnownFileType = sourcecode.c.h; path = zsLib_eventing_tool_Monitor.h; sourceTree = "<group>"; };
/* End PBXFileReference section */

/* Begin PBXFrameworksBuildPhase section */
		008698701DE3F51F009D669C /* Frameworks */ = {
			isa = PBXFrameworksBuildPhase;
			buildActionMask = 2147483647;
			files = (
			);
			runOnlyForDeploymentPostprocessing = 0;
		};
/* End PBXFrameworksBuildPhase section */

/* Begin PBXGroup section */
		0086986A1DE3F51F009D669C = {
			isa = PBXGroup;
			children = (
				0086987F1DE3F543009D669C /* zsLib */,
				008698741DE3F51F009D669C /* Products */,
			);
			sourceTree = "<group>";
		};
		008698741DE3F51F009D669C /* Products */ = {
			isa = PBXGroup;
			children = (
				008698731DE3F51F009D669C /* libzsLib-eventing-tool-ios.a */,
			);
			name = Products;
			sourceTree = "<group>";
		};
		0086987F1DE3F543009D669C /* zsLib */ = {
			isa = PBXGroup;
			children = (
				008698801DE3F543009D669C /* eventing */,
			);
			name = zsLib;
			path = ../../../zsLib;
			sourceTree = "<group>";
		};
		008698801DE3F543009D669C /* eventing */ = {
			isa = PBXGroup;
			children = (
				0086988F1DE3F543009D669C /* tool */,
			);
			path = eventing;
			sourceTree = "<group>";
		};
		0086988F1DE3F543009D669C /* tool */ = {
			isa = PBXGroup;
			children = (
				008698901DE3F543009D669C /* cpp */,
				008698961DE3F543009D669C /* internal */,
				008698941DE3F543009D669C /* ICommandLine.h */,
				008698951DE3F543009D669C /* ICompiler.h */,
				0086989B1DE3F543009D669C /* OutputStream.h */,
				0086989C1DE3F543009D669C /* tool.h */,
				0086989D1DE3F543009D669C /* types.h */,
			);
			path = tool;
			sourceTree = "<group>";
		};
		008698901DE3F543009D669C /* cpp */ = {
			isa = PBXGroup;
			children = (
				008698911DE3F543009D669C /* zsLib_eventing_tool.cpp */,
				008698921DE3F543009D669C /* zsLib_eventing_tool_CommandLine.cpp */,
				0058FDDD1E1553E5007548F6 /* zsLib_eventing_tool_EventingCompiler.cpp */,
				009CEEE51DF3A0B1000FF4D2 /* zsLib_eventing_tool_Monitor.cpp */,
			);
			path = cpp;
			sourceTree = "<group>";
		};
		008698961DE3F543009D669C /* internal */ = {
			isa = PBXGroup;
			children = (
				008698971DE3F543009D669C /* types.h */,
				008698981DE3F543009D669C /* zsLib_eventing_tool.h */,
				008698991DE3F543009D669C /* zsLib_eventing_tool_CommandLine.h */,
				0058FDDF1E1553F3007548F6 /* zsLib_eventing_tool_EventingCompiler.h */,
				009CEEE71DF3A0BD000FF4D2 /* zsLib_eventing_tool_Monitor.h */,
			);
			path = internal;
			sourceTree = "<group>";
		};
/* End PBXGroup section */

/* Begin PBXNativeTarget section */
		008698721DE3F51F009D669C /* zsLib-eventing-tool-ios */ = {
			isa = PBXNativeTarget;
			buildConfigurationList = 0086987C1DE3F51F009D669C /* Build configuration list for PBXNativeTarget "zsLib-eventing-tool-ios" */;
			buildPhases = (
				0086986F1DE3F51F009D669C /* Sources */,
				008698701DE3F51F009D669C /* Frameworks */,
				008698711DE3F51F009D669C /* CopyFiles */,
			);
			buildRules = (
			);
			dependencies = (
			);
			name = "zsLib-eventing-tool-ios";
			productName = "zsLib-eventing-tool-ios";
			productReference = 008698731DE3F51F009D669C /* libzsLib-eventing-tool-ios.a */;
			productType = "com.apple.product-type.library.static";
		};
/* End PBXNativeTarget section */

/* Begin PBXProject section */
		0086986B1DE3F51F009D669C /* Project object */ = {
			isa = PBXProject;
			attributes = {
				LastUpgradeCheck = 0810;
				ORGANIZATIONNAME = "Robin Raymond";
				TargetAttributes = {
					008698721DE3F51F009D669C = {
						CreatedOnToolsVersion = 8.1;
						ProvisioningStyle = Automatic;
					};
				};
			};
			buildConfigurationList = 0086986E1DE3F51F009D669C /* Build configuration list for PBXProject "zsLib-eventing-tool-ios" */;
			compatibilityVersion = "Xcode 3.2";
			developmentRegion = English;
			hasScannedForEncodings = 0;
			knownRegions = (
				en,
			);
			mainGroup = 0086986A1DE3F51F009D669C;
			productRefGroup = 008698741DE3F51F009D669C /* Products */;
			projectDirPath = "";
			projectRoot = "";
			targets = (
				008698721DE3F51F009D669C /* zsLib-eventing-tool-ios */,
			);
		};
/* End PBXProject section */

/* Begin PBXSourcesBuildPhase section */
		0086986F1DE3F51F009D669C /* Sources */ = {
			isa = PBXSourcesBuildPhase;
			buildActionMask = 2147483647;
			files = (
				008698A41DE3F543009D669C /* zsLib_eventing_tool_CommandLine.cpp in Sources */,
				008698A31DE3F543009D669C /* zsLib_eventing_tool.cpp in Sources */,
				009CEEE61DF3A0B1000FF4D2 /* zsLib_eventing_tool_Monitor.cpp in Sources */,
				0058FDDE1E1553E5007548F6 /* zsLib_eventing_tool_EventingCompiler.cpp in Sources */,
			);
			runOnlyForDeploymentPostprocessing = 0;
		};
/* End PBXSourcesBuildPhase section */

/* Begin XCBuildConfiguration section */
		0086987A1DE3F51F009D669C /* Debug */ = {
			isa = XCBuildConfiguration;
			buildSettings = {
				ALWAYS_SEARCH_USER_PATHS = NO;
				CLANG_ANALYZER_NONNULL = YES;
				CLANG_CXX_LANGUAGE_STANDARD = "c++0x";
				CLANG_CXX_LIBRARY = "libc++";
				CLANG_ENABLE_MODULES = YES;
				CLANG_ENABLE_OBJC_ARC = YES;
				CLANG_WARN_BOOL_CONVERSION = YES;
				CLANG_WARN_CONSTANT_CONVERSION = YES;
				CLANG_WARN_DIRECT_OBJC_ISA_USAGE = YES_ERROR;
				CLANG_WARN_DOCUMENTATION_COMMENTS = YES;
				CLANG_WARN_EMPTY_BODY = YES;
				CLANG_WARN_ENUM_CONVERSION = YES;
				CLANG_WARN_INFINITE_RECURSION = YES;
				CLANG_WARN_INT_CONVERSION = YES;
				CLANG_WARN_OBJC_ROOT_CLASS = YES_ERROR;
				CLANG_WARN_SUSPICIOUS_MOVES = YES;
				CLANG_WARN_UNREACHABLE_CODE = YES;
				CLANG_WARN__DUPLICATE_METHOD_MATCH = YES;
				"CODE_SIGN_IDENTITY[sdk=iphoneos*]" = "iPhone Developer";
				COPY_PHASE_STRIP = NO;
				DEBUG_INFORMATION_FORMAT = dwarf;
				ENABLE_STRICT_OBJC_MSGSEND = YES;
				ENABLE_TESTABILITY = YES;
				GCC_C_LANGUAGE_STANDARD = gnu99;
				GCC_DYNAMIC_NO_PIC = NO;
				GCC_NO_COMMON_BLOCKS = YES;
				GCC_OPTIMIZATION_LEVEL = 0;
				GCC_PREPROCESSOR_DEFINITIONS = (
					"DEBUG=1",
					"$(inherited)",
				);
				GCC_WARN_64_TO_32_BIT_CONVERSION = YES;
				GCC_WARN_ABOUT_RETURN_TYPE = YES_ERROR;
				GCC_WARN_UNDECLARED_SELECTOR = YES;
				GCC_WARN_UNINITIALIZED_AUTOS = YES_AGGRESSIVE;
				GCC_WARN_UNUSED_FUNCTION = YES;
				GCC_WARN_UNUSED_VARIABLE = YES;
				HEADER_SEARCH_PATHS = (
					../../..,
					../../../../zsLib,
					../../../..,
				);
				IPHONEOS_DEPLOYMENT_TARGET = 10.1;
				MTL_ENABLE_DEBUG_INFO = YES;
				ONLY_ACTIVE_ARCH = YES;
				SDKROOT = iphoneos;
			};
			name = Debug;
		};
		0086987B1DE3F51F009D669C /* Release */ = {
			isa = XCBuildConfiguration;
			buildSettings = {
				ALWAYS_SEARCH_USER_PATHS = NO;
				CLANG_ANALYZER_NONNULL = YES;
				CLANG_CXX_LANGUAGE_STANDARD = "c++0x";
				CLANG_CXX_LIBRARY = "libc++";
				CLANG_ENABLE_MODULES = YES;
				CLANG_ENABLE_OBJC_ARC = YES;
				CLANG_WARN_BOOL_CONVERSION = YES;
				CLANG_WARN_CONSTANT_CONVERSION = YES;
				CLANG_WARN_DIRECT_OBJC_ISA_USAGE = YES_ERROR;
				CLANG_WARN_DOCUMENTATION_COMMENTS = YES;
				CLANG_WARN_EMPTY_BODY = YES;
				CLANG_WARN_ENUM_CONVERSION = YES;
				CLANG_WARN_INFINITE_RECURSION = YES;
				CLANG_WARN_INT_CONVERSION = YES;
				CLANG_WARN_OBJC_ROOT_CLASS = YES_ERROR;
				CLANG_WARN_SUSPICIOUS_MOVES = YES;
				CLANG_WARN_UNREACHABLE_CODE = YES;
				CLANG_WARN__DUPLICATE_METHOD_MATCH = YES;
				"CODE_SIGN_IDENTITY[sdk=iphoneos*]" = "iPhone Developer";
				COPY_PHASE_STRIP = NO;
				DEBUG_INFORMATION_FORMAT = "dwarf-with-dsym";
				ENABLE_NS_ASSERTIONS = NO;
				ENABLE_STRICT_OBJC_MSGSEND = YES;
				GCC_C_LANGUAGE_STANDARD = gnu99;
				GCC_NO_COMMON_BLOCKS = YES;
				GCC_PREPROCESSOR_DEFINITIONS = (
					"NDEBUG=1",
					"$(inherited)",
				);
				GCC_WARN_64_TO_32_BIT_CONVERSION = YES;
				GCC_WARN_ABOUT_RETURN_TYPE = YES_ERROR;
				GCC_WARN_UNDECLARED_SELECTOR = YES;
				GCC_WARN_UNINITIALIZED_AUTOS = YES_AGGRESSIVE;
				GCC_WARN_UNUSED_FUNCTION = YES;
				GCC_WARN_UNUSED_VARIABLE = YES;
				HEADER_SEARCH_PATHS = (
					../../..,
					../../../../zsLib,
					../../../..,
				);
				IPHONEOS_DEPLOYMENT_TARGET = 10.1;
				MTL_ENABLE_DEBUG_INFO = NO;
				SDKROOT = iphoneos;
				VALIDATE_PRODUCT = YES;
			};
			name = Release;
		};
		0086987D1DE3F51F009D669C /* Debug */ = {
			isa = XCBuildConfiguration;
			buildSettings = {
				OTHER_LDFLAGS = "-ObjC";
				PRODUCT_NAME = "$(TARGET_NAME)";
				SKIP_INSTALL = YES;
			};
			name = Debug;
		};
		0086987E1DE3F51F009D669C /* Release */ = {
			isa = XCBuildConfiguration;
			buildSettings = {
				OTHER_LDFLAGS = "-ObjC";
				PRODUCT_NAME = "$(TARGET_NAME)";
				SKIP_INSTALL = YES;
			};
			name = Release;
		};
/* End XCBuildConfiguration section */

/* Begin XCConfigurationList section */
		0086986E1DE3F51F009D669C /* Build configuration list for PBXProject "zsLib-eventing-tool-ios" */ = {
			isa = XCConfigurationList;
			buildConfigurations = (
				0086987A1DE3F51F009D669C /* Debug */,
				0086987B1DE3F51F009D669C /* Release */,
			);
			defaultConfigurationIsVisible = 0;
			defaultConfigurationName = Release;
		};
		0086987C1DE3F51F009D669C /* Build configuration list for PBXNativeTarget "zsLib-eventing-tool-ios" */ = {
			isa = XCConfigurationList;
			buildConfigurations = (
				0086987D1DE3F51F009D669C /* Debug */,
				0086987E1DE3F51F009D669C /* Release */,
			);
			defaultConfigurationIsVisible = 0;
			defaultConfigurationName = Release;
		};
/* End XCConfigurationList section */
	};
	rootObject = 0086986B1DE3F51F009D669C /* Project object */;
}
